// !$*UTF8*$!
{
	archiveVersion = 1;
	classes = {
	};
	objectVersion = 46;
	objects = {

/* Begin PBXBuildFile section */
		75D27B171D34989600219F24 /* main.m in Sources */ = {isa = PBXBuildFile; fileRef = 75D27B161D34989600219F24 /* main.m */; };
		75D27B1A1D34989600219F24 /* AppDelegate.m in Sources */ = {isa = PBXBuildFile; fileRef = 75D27B191D34989600219F24 /* AppDelegate.m */; };
		75D27B1D1D34989600219F24 /* ViewController.m in Sources */ = {isa = PBXBuildFile; fileRef = 75D27B1C1D34989600219F24 /* ViewController.m */; };
		75D27B201D34989600219F24 /* Main.storyboard in Resources */ = {isa = PBXBuildFile; fileRef = 75D27B1E1D34989600219F24 /* Main.storyboard */; };
		75D27B221D34989600219F24 /* Assets.xcassets in Resources */ = {isa = PBXBuildFile; fileRef = 75D27B211D34989600219F24 /* Assets.xcassets */; };
		75D27B251D34989600219F24 /* LaunchScreen.storyboard in Resources */ = {isa = PBXBuildFile; fileRef = 75D27B231D34989600219F24 /* LaunchScreen.storyboard */; };
		75D27B301D34989600219F24 /* CustomDatePickerTests.m in Sources */ = {isa = PBXBuildFile; fileRef = 75D27B2F1D34989600219F24 /* CustomDatePickerTests.m */; };
		75D27B3B1D34989600219F24 /* CustomDatePickerUITests.m in Sources */ = {isa = PBXBuildFile; fileRef = 75D27B3A1D34989600219F24 /* CustomDatePickerUITests.m */; };
/* End PBXBuildFile section */

/* Begin PBXContainerItemProxy section */
		75D27B2C1D34989600219F24 /* PBXContainerItemProxy */ = {
			isa = PBXContainerItemProxy;
			containerPortal = 75D27B0A1D34989600219F24 /* Project object */;
			proxyType = 1;
			remoteGlobalIDString = 75D27B111D34989600219F24;
			remoteInfo = CustomDatePicker;
		};
		75D27B371D34989600219F24 /* PBXContainerItemProxy */ = {
			isa = PBXContainerItemProxy;
			containerPortal = 75D27B0A1D34989600219F24 /* Project object */;
			proxyType = 1;
			remoteGlobalIDString = 75D27B111D34989600219F24;
			remoteInfo = CustomDatePicker;
		};
/* End PBXContainerItemProxy section */

/* Begin PBXFileReference section */
		75D27B121D34989600219F24 /* CustomDatePicker.app */ = {isa = PBXFileReference; explicitFileType = wrapper.application; includeInIndex = 0; path = CustomDatePicker.app; sourceTree = BUILT_PRODUCTS_DIR; };
		75D27B161D34989600219F24 /* main.m */ = {isa = PBXFileReference; lastKnownFileType = sourcecode.c.objc; path = main.m; sourceTree = "<group>"; };
		75D27B181D34989600219F24 /* AppDelegate.h */ = {isa = PBXFileReference; lastKnownFileType = sourcecode.c.h; path = AppDelegate.h; sourceTree = "<group>"; };
		75D27B191D34989600219F24 /* AppDelegate.m */ = {isa = PBXFileReference; lastKnownFileType = sourcecode.c.objc; path = AppDelegate.m; sourceTree = "<group>"; };
		75D27B1B1D34989600219F24 /* ViewController.h */ = {isa = PBXFileReference; lastKnownFileType = sourcecode.c.h; path = ViewController.h; sourceTree = "<group>"; };
		75D27B1C1D34989600219F24 /* ViewController.m */ = {isa = PBXFileReference; lastKnownFileType = sourcecode.c.objc; path = ViewController.m; sourceTree = "<group>"; };
		75D27B1F1D34989600219F24 /* Base */ = {isa = PBXFileReference; lastKnownFileType = file.storyboard; name = Base; path = Base.lproj/Main.storyboard; sourceTree = "<group>"; };
		75D27B211D34989600219F24 /* Assets.xcassets */ = {isa = PBXFileReference; lastKnownFileType = folder.assetcatalog; path = Assets.xcassets; sourceTree = "<group>"; };
		75D27B241D34989600219F24 /* Base */ = {isa = PBXFileReference; lastKnownFileType = file.storyboard; name = Base; path = Base.lproj/LaunchScreen.storyboard; sourceTree = "<group>"; };
		75D27B261D34989600219F24 /* Info.plist */ = {isa = PBXFileReference; lastKnownFileType = text.plist.xml; path = Info.plist; sourceTree = "<group>"; };
		75D27B2B1D34989600219F24 /* CustomDatePickerTests.xctest */ = {isa = PBXFileReference; explicitFileType = wrapper.cfbundle; includeInIndex = 0; path = CustomDatePickerTests.xctest; sourceTree = BUILT_PRODUCTS_DIR; };
		75D27B2F1D34989600219F24 /* CustomDatePickerTests.m */ = {isa = PBXFileReference; lastKnownFileType = sourcecode.c.objc; path = CustomDatePickerTests.m; sourceTree = "<group>"; };
		75D27B311D34989600219F24 /* Info.plist */ = {isa = PBXFileReference; lastKnownFileType = text.plist.xml; path = Info.plist; sourceTree = "<group>"; };
		75D27B361D34989600219F24 /* CustomDatePickerUITests.xctest */ = {isa = PBXFileReference; explicitFileType = wrapper.cfbundle; includeInIndex = 0; path = CustomDatePickerUITests.xctest; sourceTree = BUILT_PRODUCTS_DIR; };
		75D27B3A1D34989600219F24 /* CustomDatePickerUITests.m */ = {isa = PBXFileReference; lastKnownFileType = sourcecode.c.objc; path = CustomDatePickerUITests.m; sourceTree = "<group>"; };
		75D27B3C1D34989600219F24 /* Info.plist */ = {isa = PBXFileReference; lastKnownFileType = text.plist.xml; path = Info.plist; sourceTree = "<group>"; };
/* End PBXFileReference section */

/* Begin PBXFrameworksBuildPhase section */
		75D27B0F1D34989600219F24 /* Frameworks */ = {
			isa = PBXFrameworksBuildPhase;
			buildActionMask = 2147483647;
			files = (
			);
			runOnlyForDeploymentPostprocessing = 0;
		};
		75D27B281D34989600219F24 /* Frameworks */ = {
			isa = PBXFrameworksBuildPhase;
			buildActionMask = 2147483647;
			files = (
			);
			runOnlyForDeploymentPostprocessing = 0;
		};
		75D27B331D34989600219F24 /* Frameworks */ = {
			isa = PBXFrameworksBuildPhase;
			buildActionMask = 2147483647;
			files = (
			);
			runOnlyForDeploymentPostprocessing = 0;
		};
/* End PBXFrameworksBuildPhase section */

/* Begin PBXGroup section */
		75D27B091D34989600219F24 = {
			isa = PBXGroup;
			children = (
				75D27B141D34989600219F24 /* CustomDatePicker */,
				75D27B2E1D34989600219F24 /* CustomDatePickerTests */,
				75D27B391D34989600219F24 /* CustomDatePickerUITests */,
				75D27B131D34989600219F24 /* Products */,
			);
			sourceTree = "<group>";
		};
		75D27B131D34989600219F24 /* Products */ = {
			isa = PBXGroup;
			children = (
				75D27B121D34989600219F24 /* CustomDatePicker.app */,
				75D27B2B1D34989600219F24 /* CustomDatePickerTests.xctest */,
				75D27B361D34989600219F24 /* CustomDatePickerUITests.xctest */,
			);
			name = Products;
			sourceTree = "<group>";
		};
		75D27B141D34989600219F24 /* CustomDatePicker */ = {
			isa = PBXGroup;
			children = (
				75D27B181D34989600219F24 /* AppDelegate.h */,
				75D27B191D34989600219F24 /* AppDelegate.m */,
				75D27B1B1D34989600219F24 /* ViewController.h */,
				75D27B1C1D34989600219F24 /* ViewController.m */,
				75D27B1E1D34989600219F24 /* Main.storyboard */,
				75D27B211D34989600219F24 /* Assets.xcassets */,
				75D27B231D34989600219F24 /* LaunchScreen.storyboard */,
				75D27B261D34989600219F24 /* Info.plist */,
				75D27B151D34989600219F24 /* Supporting Files */,
			);
			path = CustomDatePicker;
			sourceTree = "<group>";
		};
		75D27B151D34989600219F24 /* Supporting Files */ = {
			isa = PBXGroup;
			children = (
				75D27B161D34989600219F24 /* main.m */,
			);
			name = "Supporting Files";
			sourceTree = "<group>";
		};
		75D27B2E1D34989600219F24 /* CustomDatePickerTests */ = {
			isa = PBXGroup;
			children = (
				75D27B2F1D34989600219F24 /* CustomDatePickerTests.m */,
				75D27B311D34989600219F24 /* Info.plist */,
			);
			path = CustomDatePickerTests;
			sourceTree = "<group>";
		};
		75D27B391D34989600219F24 /* CustomDatePickerUITests */ = {
			isa = PBXGroup;
			children = (
				75D27B3A1D34989600219F24 /* CustomDatePickerUITests.m */,
				75D27B3C1D34989600219F24 /* Info.plist */,
			);
			path = CustomDatePickerUITests;
			sourceTree = "<group>";
		};
/* End PBXGroup section */

/* Begin PBXNativeTarget section */
		75D27B111D34989600219F24 /* CustomDatePicker */ = {
			isa = PBXNativeTarget;
			buildConfigurationList = 75D27B3F1D34989600219F24 /* Build configuration list for PBXNativeTarget "CustomDatePicker" */;
			buildPhases = (
				75D27B0E1D34989600219F24 /* Sources */,
				75D27B0F1D34989600219F24 /* Frameworks */,
				75D27B101D34989600219F24 /* Resources */,
			);
			buildRules = (
			);
			dependencies = (
			);
			name = CustomDatePicker;
			productName = CustomDatePicker;
			productReference = 75D27B121D34989600219F24 /* CustomDatePicker.app */;
			productType = "com.apple.product-type.application";
		};
		75D27B2A1D34989600219F24 /* CustomDatePickerTests */ = {
			isa = PBXNativeTarget;
			buildConfigurationList = 75D27B421D34989600219F24 /* Build configuration list for PBXNativeTarget "CustomDatePickerTests" */;
			buildPhases = (
				75D27B271D34989600219F24 /* Sources */,
				75D27B281D34989600219F24 /* Frameworks */,
				75D27B291D34989600219F24 /* Resources */,
			);
			buildRules = (
			);
			dependencies = (
				75D27B2D1D34989600219F24 /* PBXTargetDependency */,
			);
			name = CustomDatePickerTests;
			productName = CustomDatePickerTests;
			productReference = 75D27B2B1D34989600219F24 /* CustomDatePickerTests.xctest */;
			productType = "com.apple.product-type.bundle.unit-test";
		};
		75D27B351D34989600219F24 /* CustomDatePickerUITests */ = {
			isa = PBXNativeTarget;
			buildConfigurationList = 75D27B451D34989600219F24 /* Build configuration list for PBXNativeTarget "CustomDatePickerUITests" */;
			buildPhases = (
				75D27B321D34989600219F24 /* Sources */,
				75D27B331D34989600219F24 /* Frameworks */,
				75D27B341D34989600219F24 /* Resources */,
			);
			buildRules = (
			);
			dependencies = (
				75D27B381D34989600219F24 /* PBXTargetDependency */,
			);
			name = CustomDatePickerUITests;
			productName = CustomDatePickerUITests;
			productReference = 75D27B361D34989600219F24 /* CustomDatePickerUITests.xctest */;
			productType = "com.apple.product-type.bundle.ui-testing";
		};
/* End PBXNativeTarget section */

/* Begin PBXProject section */
		75D27B0A1D34989600219F24 /* Project object */ = {
			isa = PBXProject;
			attributes = {
				LastUpgradeCheck = 0730;
				ORGANIZATIONNAME = xproinfo.com;
				TargetAttributes = {
					75D27B111D34989600219F24 = {
						CreatedOnToolsVersion = 7.3.1;
					};
					75D27B2A1D34989600219F24 = {
						CreatedOnToolsVersion = 7.3.1;
						TestTargetID = 75D27B111D34989600219F24;
					};
					75D27B351D34989600219F24 = {
						CreatedOnToolsVersion = 7.3.1;
						TestTargetID = 75D27B111D34989600219F24;
					};
				};
			};
			buildConfigurationList = 75D27B0D1D34989600219F24 /* Build configuration list for PBXProject "CustomDatePicker" */;
			compatibilityVersion = "Xcode 3.2";
			developmentRegion = English;
			hasScannedForEncodings = 0;
			knownRegions = (
				en,
				Base,
			);
			mainGroup = 75D27B091D34989600219F24;
			productRefGroup = 75D27B131D34989600219F24 /* Products */;
			projectDirPath = "";
			projectRoot = "";
			targets = (
				75D27B111D34989600219F24 /* CustomDatePicker */,
				75D27B2A1D34989600219F24 /* CustomDatePickerTests */,
				75D27B351D34989600219F24 /* CustomDatePickerUITests */,
			);
		};
/* End PBXProject section */

/* Begin PBXResourcesBuildPhase section */
		75D27B101D34989600219F24 /* Resources */ = {
			isa = PBXResourcesBuildPhase;
			buildActionMask = 2147483647;
			files = (
				75D27B251D34989600219F24 /* LaunchScreen.storyboard in Resources */,
				75D27B221D34989600219F24 /* Assets.xcassets in Resources */,
				75D27B201D34989600219F24 /* Main.storyboard in Resources */,
			);
			runOnlyForDeploymentPostprocessing = 0;
		};
		75D27B291D34989600219F24 /* Resources */ = {
			isa = PBXResourcesBuildPhase;
			buildActionMask = 2147483647;
			files = (
			);
			runOnlyForDeploymentPostprocessing = 0;
		};
		75D27B341D34989600219F24 /* Resources */ = {
			isa = PBXResourcesBuildPhase;
			buildActionMask = 2147483647;
			files = (
			);
			runOnlyForDeploymentPostprocessing = 0;
		};
/* End PBXResourcesBuildPhase section */

/* Begin PBXSourcesBuildPhase section */
		75D27B0E1D34989600219F24 /* Sources */ = {
			isa = PBXSourcesBuildPhase;
			buildActionMask = 2147483647;
			files = (
				75D27B1D1D34989600219F24 /* ViewController.m in Sources */,
				75D27B1A1D34989600219F24 /* AppDelegate.m in Sources */,
				75D27B171D34989600219F24 /* main.m in Sources */,
			);
			runOnlyForDeploymentPostprocessing = 0;
		};
		75D27B271D34989600219F24 /* Sources */ = {
			isa = PBXSourcesBuildPhase;
			buildActionMask = 2147483647;
			files = (
				75D27B301D34989600219F24 /* CustomDatePickerTests.m in Sources */,
			);
			runOnlyForDeploymentPostprocessing = 0;
		};
		75D27B321D34989600219F24 /* Sources */ = {
			isa = PBXSourcesBuildPhase;
			buildActionMask = 2147483647;
			files = (
				75D27B3B1D34989600219F24 /* CustomDatePickerUITests.m in Sources */,
			);
			runOnlyForDeploymentPostprocessing = 0;
		};
/* End PBXSourcesBuildPhase section */

/* Begin PBXTargetDependency section */
		75D27B2D1D34989600219F24 /* PBXTargetDependency */ = {
			isa = PBXTargetDependency;
			target = 75D27B111D34989600219F24 /* CustomDatePicker */;
			targetProxy = 75D27B2C1D34989600219F24 /* PBXContainerItemProxy */;
		};
		75D27B381D34989600219F24 /* PBXTargetDependency */ = {
			isa = PBXTargetDependency;
			target = 75D27B111D34989600219F24 /* CustomDatePicker */;
			targetProxy = 75D27B371D34989600219F24 /* PBXContainerItemProxy */;
		};
/* End PBXTargetDependency section */

/* Begin PBXVariantGroup section */
		75D27B1E1D34989600219F24 /* Main.storyboard */ = {
			isa = PBXVariantGroup;
			children = (
				75D27B1F1D34989600219F24 /* Base */,
			);
			name = Main.storyboard;
			sourceTree = "<group>";
		};
		75D27B231D34989600219F24 /* LaunchScreen.storyboard */ = {
			isa = PBXVariantGroup;
			children = (
				75D27B241D34989600219F24 /* Base */,
			);
			name = LaunchScreen.storyboard;
			sourceTree = "<group>";
		};
/* End PBXVariantGroup section */

/* Begin XCBuildConfiguration section */
		75D27B3D1D34989600219F24 /* Debug */ = {
			isa = XCBuildConfiguration;
			buildSettings = {
				ALWAYS_SEARCH_USER_PATHS = NO;
				CLANG_ANALYZER_NONNULL = YES;
				CLANG_CXX_LANGUAGE_STANDARD = "gnu++0x";
				CLANG_CXX_LIBRARY = "libc++";
				CLANG_ENABLE_MODULES = YES;
				CLANG_ENABLE_OBJC_ARC = YES;
				CLANG_WARN_BOOL_CONVERSION = YES;
				CLANG_WARN_CONSTANT_CONVERSION = YES;
				CLANG_WARN_DIRECT_OBJC_ISA_USAGE = YES_ERROR;
				CLANG_WARN_EMPTY_BODY = YES;
				CLANG_WARN_ENUM_CONVERSION = YES;
				CLANG_WARN_INT_CONVERSION = YES;
				CLANG_WARN_OBJC_ROOT_CLASS = YES_ERROR;
				CLANG_WARN_UNREACHABLE_CODE = YES;
				CLANG_WARN__DUPLICATE_METHOD_MATCH = YES;
				"CODE_SIGN_IDENTITY[sdk=iphoneos*]" = "iPhone Developer";
				COPY_PHASE_STRIP = NO;
				DEBUG_INFORMATION_FORMAT = dwarf;
				ENABLE_STRICT_OBJC_MSGSEND = YES;
				ENABLE_TESTABILITY = YES;
				GCC_C_LANGUAGE_STANDARD = gnu99;
				GCC_DYNAMIC_NO_PIC = NO;
				GCC_NO_COMMON_BLOCKS = YES;
				GCC_OPTIMIZATION_LEVEL = 0;
				GCC_PREPROCESSOR_DEFINITIONS = (
					"DEBUG=1",
					"$(inherited)",
				);
				GCC_WARN_64_TO_32_BIT_CONVERSION = YES;
				GCC_WARN_ABOUT_RETURN_TYPE = YES_ERROR;
				GCC_WARN_UNDECLARED_SELECTOR = YES;
				GCC_WARN_UNINITIALIZED_AUTOS = YES_AGGRESSIVE;
				GCC_WARN_UNUSED_FUNCTION = YES;
				GCC_WARN_UNUSED_VARIABLE = YES;
				IPHONEOS_DEPLOYMENT_TARGET = 9.3;
				MTL_ENABLE_DEBUG_INFO = YES;
				ONLY_ACTIVE_ARCH = YES;
				SDKROOT = iphoneos;
				TARGETED_DEVICE_FAMILY = "1,2";
			};
			name = Debug;
		};
		75D27B3E1D34989600219F24 /* Release */ = {
			isa = XCBuildConfiguration;
			buildSettings = {
				ALWAYS_SEARCH_USER_PATHS = NO;
				CLANG_ANALYZER_NONNULL = YES;
				CLANG_CXX_LANGUAGE_STANDARD = "gnu++0x";
				CLANG_CXX_LIBRARY = "libc++";
				CLANG_ENABLE_MODULES = YES;
				CLANG_ENABLE_OBJC_ARC = YES;
				CLANG_WARN_BOOL_CONVERSION = YES;
				CLANG_WARN_CONSTANT_CONVERSION = YES;
				CLANG_WARN_DIRECT_OBJC_ISA_USAGE = YES_ERROR;
				CLANG_WARN_EMPTY_BODY = YES;
				CLANG_WARN_ENUM_CONVERSION = YES;
				CLANG_WARN_INT_CONVERSION = YES;
				CLANG_WARN_OBJC_ROOT_CLASS = YES_ERROR;
				CLANG_WARN_UNREACHABLE_CODE = YES;
				CLANG_WARN__DUPLICATE_METHOD_MATCH = YES;
				"CODE_SIGN_IDENTITY[sdk=iphoneos*]" = "iPhone Developer";
				COPY_PHASE_STRIP = NO;
				DEBUG_INFORMATION_FORMAT = "dwarf-with-dsym";
				ENABLE_NS_ASSERTIONS = NO;
				ENABLE_STRICT_OBJC_MSGSEND = YES;
				GCC_C_LANGUAGE_STANDARD = gnu99;
				GCC_NO_COMMON_BLOCKS = YES;
				GCC_WARN_64_TO_32_BIT_CONVERSION = YES;
				GCC_WARN_ABOUT_RETURN_TYPE = YES_ERROR;
				GCC_WARN_UNDECLARED_SELECTOR = YES;
				GCC_WARN_UNINITIALIZED_AUTOS = YES_AGGRESSIVE;
				GCC_WARN_UNUSED_FUNCTION = YES;
				GCC_WARN_UNUSED_VARIABLE = YES;
				IPHONEOS_DEPLOYMENT_TARGET = 9.3;
				MTL_ENABLE_DEBUG_INFO = NO;
				SDKROOT = iphoneos;
				TARGETED_DEVICE_FAMILY = "1,2";
				VALIDATE_PRODUCT = YES;
			};
			name = Release;
		};
		75D27B401D34989600219F24 /* Debug */ = {
			isa = XCBuildConfiguration;
			buildSettings = {
				ASSETCATALOG_COMPILER_APPICON_NAME = AppIcon;
				INFOPLIST_FILE = CustomDatePicker/Info.plist;
				LD_RUNPATH_SEARCH_PATHS = "$(inherited) @executable_path/Frameworks";
				PRODUCT_BUNDLE_IDENTIFIER = linakge.com.CustomDatePicker;
				PRODUCT_NAME = "$(TARGET_NAME)";
			};
			name = Debug;
		};
		75D27B411D34989600219F24 /* Release */ = {
			isa = XCBuildConfiguration;
			buildSettings = {
				ASSETCATALOG_COMPILER_APPICON_NAME = AppIcon;
				INFOPLIST_FILE = CustomDatePicker/Info.plist;
				LD_RUNPATH_SEARCH_PATHS = "$(inherited) @executable_path/Frameworks";
				PRODUCT_BUNDLE_IDENTIFIER = linakge.com.CustomDatePicker;
				PRODUCT_NAME = "$(TARGET_NAME)";
			};
			name = Release;
		};
		75D27B431D34989600219F24 /* Debug */ = {
			isa = XCBuildConfiguration;
			buildSettings = {
				BUNDLE_LOADER = "$(TEST_HOST)";
				INFOPLIST_FILE = CustomDatePickerTests/Info.plist;
				LD_RUNPATH_SEARCH_PATHS = "$(inherited) @executable_path/Frameworks @loader_path/Frameworks";
				PRODUCT_BUNDLE_IDENTIFIER = linakge.com.CustomDatePickerTests;
				PRODUCT_NAME = "$(TARGET_NAME)";
				TEST_HOST = "$(BUILT_PRODUCTS_DIR)/CustomDatePicker.app/CustomDatePicker";
			};
			name = Debug;
		};
		75D27B441D34989600219F24 /* Release */ = {
			isa = XCBuildConfiguration;
			buildSettings = {
				BUNDLE_LOADER = "$(TEST_HOST)";
				INFOPLIST_FILE = CustomDatePickerTests/Info.plist;
				LD_RUNPATH_SEARCH_PATHS = "$(inherited) @executable_path/Frameworks @loader_path/Frameworks";
				PRODUCT_BUNDLE_IDENTIFIER = linakge.com.CustomDatePickerTests;
				PRODUCT_NAME = "$(TARGET_NAME)";
				TEST_HOST = "$(BUILT_PRODUCTS_DIR)/CustomDatePicker.app/CustomDatePicker";
			};
			name = Release;
		};
		75D27B461D34989600219F24 /* Debug */ = {
			isa = XCBuildConfiguration;
			buildSettings = {
				INFOPLIST_FILE = CustomDatePickerUITests/Info.plist;
				LD_RUNPATH_SEARCH_PATHS = "$(inherited) @executable_path/Frameworks @loader_path/Frameworks";
				PRODUCT_BUNDLE_IDENTIFIER = linakge.com.CustomDatePickerUITests;
				PRODUCT_NAME = "$(TARGET_NAME)";
				TEST_TARGET_NAME = CustomDatePicker;
			};
			name = Debug;
		};
		75D27B471D34989600219F24 /* Release */ = {
			isa = XCBuildConfiguration;
			buildSettings = {
				INFOPLIST_FILE = CustomDatePickerUITests/Info.plist;
				LD_RUNPATH_SEARCH_PATHS = "$(inherited) @executable_path/Frameworks @loader_path/Frameworks";
				PRODUCT_BUNDLE_IDENTIFIER = linakge.com.CustomDatePickerUITests;
				PRODUCT_NAME = "$(TARGET_NAME)";
				TEST_TARGET_NAME = CustomDatePicker;
			};
			name = Release;
		};
/* End XCBuildConfiguration section */

/* Begin XCConfigurationList section */
		75D27B0D1D34989600219F24 /* Build configuration list for PBXProject "CustomDatePicker" */ = {
			isa = XCConfigurationList;
			buildConfigurations = (
				75D27B3D1D34989600219F24 /* Debug */,
				75D27B3E1D34989600219F24 /* Release */,
			);
			defaultConfigurationIsVisible = 0;
			defaultConfigurationName = Release;
		};
		75D27B3F1D34989600219F24 /* Build configuration list for PBXNativeTarget "CustomDatePicker" */ = {
			isa = XCConfigurationList;
			buildConfigurations = (
				75D27B401D34989600219F24 /* Debug */,
				75D27B411D34989600219F24 /* Release */,
			);
			defaultConfigurationIsVisible = 0;
		};
		75D27B421D34989600219F24 /* Build configuration list for PBXNativeTarget "CustomDatePickerTests" */ = {
			isa = XCConfigurationList;
			buildConfigurations = (
				75D27B431D34989600219F24 /* Debug */,
				75D27B441D34989600219F24 /* Release */,
			);
			defaultConfigurationIsVisible = 0;
		};
		75D27B451D34989600219F24 /* Build configuration list for PBXNativeTarget "CustomDatePickerUITests" */ = {
			isa = XCConfigurationList;
			buildConfigurations = (
				75D27B461D34989600219F24 /* Debug */,
				75D27B471D34989600219F24 /* Release */,
			);
			defaultConfigurationIsVisible = 0;
		};
/* End XCConfigurationList section */
	};
	rootObject = 75D27B0A1D34989600219F24 /* Project object */;
}
